// !$*UTF8*$!
{
	archiveVersion = 1;
	classes = {
	};
	objectVersion = 77;
	objects = {

/* Begin PBXContainerItemProxy section */
		64B269302E3584AC0033F933 /* PBXContainerItemProxy */ = {
			isa = PBXContainerItemProxy;
			containerPortal = 64B269112E3584AB0033F933 /* Project object */;
			proxyType = 1;
			remoteGlobalIDString = 64B269182E3584AB0033F933;
			remoteInfo = OpenWeatherMapApp;
		};
		64B2693A2E3584AC0033F933 /* PBXContainerItemProxy */ = {
			isa = PBXContainerItemProxy;
			containerPortal = 64B269112E3584AB0033F933 /* Project object */;
			proxyType = 1;
			remoteGlobalIDString = 64B269182E3584AB0033F933;
			remoteInfo = OpenWeatherMapApp;
		};
/* End PBXContainerItemProxy section */

/* Begin PBXFileReference section */
		64B269192E3584AB0033F933 /* OpenWeatherMapApp.app */ = {isa = PBXFileReference; explicitFileType = wrapper.application; includeInIndex = 0; path = OpenWeatherMapApp.app; sourceTree = BUILT_PRODUCTS_DIR; };
		64B2692F2E3584AC0033F933 /* OpenWeatherMapAppTests.xctest */ = {isa = PBXFileReference; explicitFileType = wrapper.cfbundle; includeInIndex = 0; path = OpenWeatherMapAppTests.xctest; sourceTree = BUILT_PRODUCTS_DIR; };
		64B269392E3584AC0033F933 /* OpenWeatherMapAppUITests.xctest */ = {isa = PBXFileReference; explicitFileType = wrapper.cfbundle; includeInIndex = 0; path = OpenWeatherMapAppUITests.xctest; sourceTree = BUILT_PRODUCTS_DIR; };
/* End PBXFileReference section */

/* Begin PBXFileSystemSynchronizedBuildFileExceptionSet section */
		64B269412E3584AC0033F933 /* Exceptions for "OpenWeatherMapApp" folder in "OpenWeatherMapApp" target */ = {
			isa = PBXFileSystemSynchronizedBuildFileExceptionSet;
			membershipExceptions = (
				Info.plist,
			);
			target = 64B269182E3584AB0033F933 /* OpenWeatherMapApp */;
		};
/* End PBXFileSystemSynchronizedBuildFileExceptionSet section */

/* Begin PBXFileSystemSynchronizedRootGroup section */
		64B2691B2E3584AB0033F933 /* OpenWeatherMapApp */ = {
			isa = PBXFileSystemSynchronizedRootGroup;
			exceptions = (
				64B269412E3584AC0033F933 /* Exceptions for "OpenWeatherMapApp" folder in "OpenWeatherMapApp" target */,
			);
			path = OpenWeatherMapApp;
			sourceTree = "<group>";
		};
		64B269322E3584AC0033F933 /* OpenWeatherMapAppTests */ = {
			isa = PBXFileSystemSynchronizedRootGroup;
			path = OpenWeatherMapAppTests;
			sourceTree = "<group>";
		};
		64B2693C2E3584AC0033F933 /* OpenWeatherMapAppUITests */ = {
			isa = PBXFileSystemSynchronizedRootGroup;
			path = OpenWeatherMapAppUITests;
			sourceTree = "<group>";
		};
/* End PBXFileSystemSynchronizedRootGroup section */

/* Begin PBXFrameworksBuildPhase section */
		64B269162E3584AB0033F933 /* Frameworks */ = {
			isa = PBXFrameworksBuildPhase;
			buildActionMask = 2147483647;
			files = (
			);
			runOnlyForDeploymentPostprocessing = 0;
		};
		64B2692C2E3584AC0033F933 /* Frameworks */ = {
			isa = PBXFrameworksBuildPhase;
			buildActionMask = 2147483647;
			files = (
			);
			runOnlyForDeploymentPostprocessing = 0;
		};
		64B269362E3584AC0033F933 /* Frameworks */ = {
			isa = PBXFrameworksBuildPhase;
			buildActionMask = 2147483647;
			files = (
			);
			runOnlyForDeploymentPostprocessing = 0;
		};
/* End PBXFrameworksBuildPhase section */

/* Begin PBXGroup section */
		64B269102E3584AB0033F933 = {
			isa = PBXGroup;
			children = (
				64B2691B2E3584AB0033F933 /* OpenWeatherMapApp */,
				64B269322E3584AC0033F933 /* OpenWeatherMapAppTests */,
				64B2693C2E3584AC0033F933 /* OpenWeatherMapAppUITests */,
				64B2691A2E3584AB0033F933 /* Products */,
			);
			sourceTree = "<group>";
		};
		64B2691A2E3584AB0033F933 /* Products */ = {
			isa = PBXGroup;
			children = (
				64B269192E3584AB0033F933 /* OpenWeatherMapApp.app */,
				64B2692F2E3584AC0033F933 /* OpenWeatherMapAppTests.xctest */,
				64B269392E3584AC0033F933 /* OpenWeatherMapAppUITests.xctest */,
			);
			name = Products;
			sourceTree = "<group>";
		};
/* End PBXGroup section */

/* Begin PBXNativeTarget section */
		64B269182E3584AB0033F933 /* OpenWeatherMapApp */ = {
			isa = PBXNativeTarget;
			buildConfigurationList = 64B269422E3584AC0033F933 /* Build configuration list for PBXNativeTarget "OpenWeatherMapApp" */;
			buildPhases = (
				64B269152E3584AB0033F933 /* Sources */,
				64B269162E3584AB0033F933 /* Frameworks */,
				64B269172E3584AB0033F933 /* Resources */,
			);
			buildRules = (
			);
			dependencies = (
			);
			fileSystemSynchronizedGroups = (
				64B2691B2E3584AB0033F933 /* OpenWeatherMapApp */,
			);
			name = OpenWeatherMapApp;
			packageProductDependencies = (
			);
			productName = OpenWeatherMapApp;
			productReference = 64B269192E3584AB0033F933 /* OpenWeatherMapApp.app */;
			productType = "com.apple.product-type.application";
		};
		64B2692E2E3584AC0033F933 /* OpenWeatherMapAppTests */ = {
			isa = PBXNativeTarget;
			buildConfigurationList = 64B269472E3584AC0033F933 /* Build configuration list for PBXNativeTarget "OpenWeatherMapAppTests" */;
			buildPhases = (
				64B2692B2E3584AC0033F933 /* Sources */,
				64B2692C2E3584AC0033F933 /* Frameworks */,
				64B2692D2E3584AC0033F933 /* Resources */,
			);
			buildRules = (
			);
			dependencies = (
				64B269312E3584AC0033F933 /* PBXTargetDependency */,
			);
			fileSystemSynchronizedGroups = (
				64B269322E3584AC0033F933 /* OpenWeatherMapAppTests */,
			);
			name = OpenWeatherMapAppTests;
			packageProductDependencies = (
			);
			productName = OpenWeatherMapAppTests;
			productReference = 64B2692F2E3584AC0033F933 /* OpenWeatherMapAppTests.xctest */;
			productType = "com.apple.product-type.bundle.unit-test";
		};
		64B269382E3584AC0033F933 /* OpenWeatherMapAppUITests */ = {
			isa = PBXNativeTarget;
			buildConfigurationList = 64B2694A2E3584AC0033F933 /* Build configuration list for PBXNativeTarget "OpenWeatherMapAppUITests" */;
			buildPhases = (
				64B269352E3584AC0033F933 /* Sources */,
				64B269362E3584AC0033F933 /* Frameworks */,
				64B269372E3584AC0033F933 /* Resources */,
			);
			buildRules = (
			);
			dependencies = (
				64B2693B2E3584AC0033F933 /* PBXTargetDependency */,
			);
			fileSystemSynchronizedGroups = (
				64B2693C2E3584AC0033F933 /* OpenWeatherMapAppUITests */,
			);
			name = OpenWeatherMapAppUITests;
			packageProductDependencies = (
			);
			productName = OpenWeatherMapAppUITests;
			productReference = 64B269392E3584AC0033F933 /* OpenWeatherMapAppUITests.xctest */;
			productType = "com.apple.product-type.bundle.ui-testing";
		};
/* End PBXNativeTarget section */

/* Begin PBXProject section */
		64B269112E3584AB0033F933 /* Project object */ = {
			isa = PBXProject;
			attributes = {
				BuildIndependentTargetsInParallel = 1;
				LastSwiftUpdateCheck = 1600;
				LastUpgradeCheck = 1600;
				TargetAttributes = {
					64B269182E3584AB0033F933 = {
						CreatedOnToolsVersion = 16.0;
					};
					64B2692E2E3584AC0033F933 = {
						CreatedOnToolsVersion = 16.0;
						TestTargetID = 64B269182E3584AB0033F933;
					};
					64B269382E3584AC0033F933 = {
						CreatedOnToolsVersion = 16.0;
						TestTargetID = 64B269182E3584AB0033F933;
					};
				};
			};
			buildConfigurationList = 64B269142E3584AB0033F933 /* Build configuration list for PBXProject "OpenWeatherMapApp" */;
			developmentRegion = en;
			hasScannedForEncodings = 0;
			knownRegions = (
				en,
				Base,
			);
			mainGroup = 64B269102E3584AB0033F933;
			minimizedProjectReferenceProxies = 1;
			preferredProjectObjectVersion = 77;
			productRefGroup = 64B2691A2E3584AB0033F933 /* Products */;
			projectDirPath = "";
			projectRoot = "";
			targets = (
				64B269182E3584AB0033F933 /* OpenWeatherMapApp */,
				64B2692E2E3584AC0033F933 /* OpenWeatherMapAppTests */,
				64B269382E3584AC0033F933 /* OpenWeatherMapAppUITests */,
			);
		};
/* End PBXProject section */

/* Begin PBXResourcesBuildPhase section */
		64B269172E3584AB0033F933 /* Resources */ = {
			isa = PBXResourcesBuildPhase;
			buildActionMask = 2147483647;
			files = (
			);
			runOnlyForDeploymentPostprocessing = 0;
		};
		64B2692D2E3584AC0033F933 /* Resources */ = {
			isa = PBXResourcesBuildPhase;
			buildActionMask = 2147483647;
			files = (
			);
			runOnlyForDeploymentPostprocessing = 0;
		};
		64B269372E3584AC0033F933 /* Resources */ = {
			isa = PBXResourcesBuildPhase;
			buildActionMask = 2147483647;
			files = (
			);
			runOnlyForDeploymentPostprocessing = 0;
		};
/* End PBXResourcesBuildPhase section */

/* Begin PBXSourcesBuildPhase section */
		64B269152E3584AB0033F933 /* Sources */ = {
			isa = PBXSourcesBuildPhase;
			buildActionMask = 2147483647;
			files = (
			);
			runOnlyForDeploymentPostprocessing = 0;
		};
		64B2692B2E3584AC0033F933 /* Sources */ = {
			isa = PBXSourcesBuildPhase;
			buildActionMask = 2147483647;
			files = (
			);
			runOnlyForDeploymentPostprocessing = 0;
		};
		64B269352E3584AC0033F933 /* Sources */ = {
			isa = PBXSourcesBuildPhase;
			buildActionMask = 2147483647;
			files = (
			);
			runOnlyForDeploymentPostprocessing = 0;
		};
/* End PBXSourcesBuildPhase section */

/* Begin PBXTargetDependency section */
		64B269312E3584AC0033F933 /* PBXTargetDependency */ = {
			isa = PBXTargetDependency;
			target = 64B269182E3584AB0033F933 /* OpenWeatherMapApp */;
			targetProxy = 64B269302E3584AC0033F933 /* PBXContainerItemProxy */;
		};
		64B2693B2E3584AC0033F933 /* PBXTargetDependency */ = {
			isa = PBXTargetDependency;
			target = 64B269182E3584AB0033F933 /* OpenWeatherMapApp */;
			targetProxy = 64B2693A2E3584AC0033F933 /* PBXContainerItemProxy */;
		};
/* End PBXTargetDependency section */

/* Begin XCBuildConfiguration section */
		64B269432E3584AC0033F933 /* Debug */ = {
			isa = XCBuildConfiguration;
			buildSettings = {
				ASSETCATALOG_COMPILER_APPICON_NAME = AppIcon;
				ASSETCATALOG_COMPILER_GLOBAL_ACCENT_COLOR_NAME = AccentColor;
				CODE_SIGN_STYLE = Automatic;
				CURRENT_PROJECT_VERSION = 1;
				DEVELOPMENT_TEAM = 8W2QVSMGJ3;
				GENERATE_INFOPLIST_FILE = YES;
				INFOPLIST_FILE = OpenWeatherMapApp/Info.plist;
				INFOPLIST_KEY_UIApplicationSupportsIndirectInputEvents = YES;
				INFOPLIST_KEY_UILaunchStoryboardName = LaunchScreen;
				INFOPLIST_KEY_UISupportedInterfaceOrientations_iPad = "UIInterfaceOrientationPortrait UIInterfaceOrientationPortraitUpsideDown UIInterfaceOrientationLandscapeLeft UIInterfaceOrientationLandscapeRight";
				INFOPLIST_KEY_UISupportedInterfaceOrientations_iPhone = "UIInterfaceOrientationPortrait UIInterfaceOrientationLandscapeLeft UIInterfaceOrientationLandscapeRight";
				LD_RUNPATH_SEARCH_PATHS = (
					"$(inherited)",
					"@executable_path/Frameworks",
				);
				MARKETING_VERSION = 1.0;
				PRODUCT_BUNDLE_IDENTIFIER = com.iosroadmap.OpenWeatherMapApp;
				PRODUCT_NAME = "$(TARGET_NAME)";
				SWIFT_EMIT_LOC_STRINGS = YES;
				SWIFT_VERSION = 5.0;
				TARGETED_DEVICE_FAMILY = "1,2";
			};
			name = Debug;
		};
		64B269442E3584AC0033F933 /* Release */ = {
			isa = XCBuildConfiguration;
			buildSettings = {
				ASSETCATALOG_COMPILER_APPICON_NAME = AppIcon;
				ASSETCATALOG_COMPILER_GLOBAL_ACCENT_COLOR_NAME = AccentColor;
				CODE_SIGN_STYLE = Automatic;
				CURRENT_PROJECT_VERSION = 1;
				DEVELOPMENT_TEAM = 8W2QVSMGJ3;
				GENERATE_INFOPLIST_FILE = YES;
				INFOPLIST_FILE = OpenWeatherMapApp/Info.plist;
				INFOPLIST_KEY_UIApplicationSupportsIndirectInputEvents = YES;
				INFOPLIST_KEY_UILaunchStoryboardName = LaunchScreen;
				INFOPLIST_KEY_UISupportedInterfaceOrientations_iPad = "UIInterfaceOrientationPortrait UIInterfaceOrientationPortraitUpsideDown UIInterfaceOrientationLandscapeLeft UIInterfaceOrientationLandscapeRight";
				INFOPLIST_KEY_UISupportedInterfaceOrientations_iPhone = "UIInterfaceOrientationPortrait UIInterfaceOrientationLandscapeLeft UIInterfaceOrientationLandscapeRight";
				LD_RUNPATH_SEARCH_PATHS = (
					"$(inherited)",
					"@executable_path/Frameworks",
				);
				MARKETING_VERSION = 1.0;
				PRODUCT_BUNDLE_IDENTIFIER = com.iosroadmap.OpenWeatherMapApp;
				PRODUCT_NAME = "$(TARGET_NAME)";
				SWIFT_EMIT_LOC_STRINGS = YES;
				SWIFT_VERSION = 5.0;
				TARGETED_DEVICE_FAMILY = "1,2";
			};
			name = Release;
		};
		64B269452E3584AC0033F933 /* Debug */ = {
			isa = XCBuildConfiguration;
			buildSettings = {
				ALWAYS_SEARCH_USER_PATHS = NO;
				ASSETCATALOG_COMPILER_GENERATE_SWIFT_ASSET_SYMBOL_EXTENSIONS = YES;
				CLANG_ANALYZER_NONNULL = YES;
				CLANG_ANALYZER_NUMBER_OBJECT_CONVERSION = YES_AGGRESSIVE;
				CLANG_CXX_LANGUAGE_STANDARD = "gnu++20";
				CLANG_ENABLE_MODULES = YES;
				CLANG_ENABLE_OBJC_ARC = YES;
				CLANG_ENABLE_OBJC_WEAK = YES;
				CLANG_WARN_BLOCK_CAPTURE_AUTORELEASING = YES;
				CLANG_WARN_BOOL_CONVERSION = YES;
				CLANG_WARN_COMMA = YES;
				CLANG_WARN_CONSTANT_CONVERSION = YES;
				CLANG_WARN_DEPRECATED_OBJC_IMPLEMENTATIONS = YES;
				CLANG_WARN_DIRECT_OBJC_ISA_USAGE = YES_ERROR;
				CLANG_WARN_DOCUMENTATION_COMMENTS = YES;
				CLANG_WARN_EMPTY_BODY = YES;
				CLANG_WARN_ENUM_CONVERSION = YES;
				CLANG_WARN_INFINITE_RECURSION = YES;
				CLANG_WARN_INT_CONVERSION = YES;
				CLANG_WARN_NON_LITERAL_NULL_CONVERSION = YES;
				CLANG_WARN_OBJC_IMPLICIT_RETAIN_SELF = YES;
				CLANG_WARN_OBJC_LITERAL_CONVERSION = YES;
				CLANG_WARN_OBJC_ROOT_CLASS = YES_ERROR;
				CLANG_WARN_QUOTED_INCLUDE_IN_FRAMEWORK_HEADER = YES;
				CLANG_WARN_RANGE_LOOP_ANALYSIS = YES;
				CLANG_WARN_STRICT_PROTOTYPES = YES;
				CLANG_WARN_SUSPICIOUS_MOVE = YES;
				CLANG_WARN_UNGUARDED_AVAILABILITY = YES_AGGRESSIVE;
				CLANG_WARN_UNREACHABLE_CODE = YES;
				CLANG_WARN__DUPLICATE_METHOD_MATCH = YES;
				COPY_PHASE_STRIP = NO;
				DEBUG_INFORMATION_FORMAT = dwarf;
				ENABLE_STRICT_OBJC_MSGSEND = YES;
				ENABLE_TESTABILITY = YES;
				ENABLE_USER_SCRIPT_SANDBOXING = YES;
				GCC_C_LANGUAGE_STANDARD = gnu17;
				GCC_DYNAMIC_NO_PIC = NO;
				GCC_NO_COMMON_BLOCKS = YES;
				GCC_OPTIMIZATION_LEVEL = 0;
				GCC_PREPROCESSOR_DEFINITIONS = (
					"DEBUG=1",
					"$(inherited)",
				);
				GCC_WARN_64_TO_32_BIT_CONVERSION = YES;
				GCC_WARN_ABOUT_RETURN_TYPE = YES_ERROR;
				GCC_WARN_UNDECLARED_SELECTOR = YES;
				GCC_WARN_UNINITIALIZED_AUTOS = YES_AGGRESSIVE;
				GCC_WARN_UNUSED_FUNCTION = YES;
				GCC_WARN_UNUSED_VARIABLE = YES;
				IPHONEOS_DEPLOYMENT_TARGET = 18.0;
				LOCALIZATION_PREFERS_STRING_CATALOGS = YES;
				MTL_ENABLE_DEBUG_INFO = INCLUDE_SOURCE;
				MTL_FAST_MATH = YES;
				ONLY_ACTIVE_ARCH = YES;
				SDKROOT = iphoneos;
				SWIFT_ACTIVE_COMPILATION_CONDITIONS = "DEBUG $(inherited)";
				SWIFT_OPTIMIZATION_LEVEL = "-Onone";
			};
			name = Debug;
		};
		64B269462E3584AC0033F933 /* Release */ = {
			isa = XCBuildConfiguration;
			buildSettings = {
				ALWAYS_SEARCH_USER_PATHS = NO;
				ASSETCATALOG_COMPILER_GENERATE_SWIFT_ASSET_SYMBOL_EXTENSIONS = YES;
				CLANG_ANALYZER_NONNULL = YES;
				CLANG_ANALYZER_NUMBER_OBJECT_CONVERSION = YES_AGGRESSIVE;
				CLANG_CXX_LANGUAGE_STANDARD = "gnu++20";
				CLANG_ENABLE_MODULES = YES;
				CLANG_ENABLE_OBJC_ARC = YES;
				CLANG_ENABLE_OBJC_WEAK = YES;
				CLANG_WARN_BLOCK_CAPTURE_AUTORELEASING = YES;
				CLANG_WARN_BOOL_CONVERSION = YES;
				CLANG_WARN_COMMA = YES;
				CLANG_WARN_CONSTANT_CONVERSION = YES;
				CLANG_WARN_DEPRECATED_OBJC_IMPLEMENTATIONS = YES;
				CLANG_WARN_DIRECT_OBJC_ISA_USAGE = YES_ERROR;
				CLANG_WARN_DOCUMENTATION_COMMENTS = YES;
				CLANG_WARN_EMPTY_BODY = YES;
				CLANG_WARN_ENUM_CONVERSION = YES;
				CLANG_WARN_INFINITE_RECURSION = YES;
				CLANG_WARN_INT_CONVERSION = YES;
				CLANG_WARN_NON_LITERAL_NULL_CONVERSION = YES;
				CLANG_WARN_OBJC_IMPLICIT_RETAIN_SELF = YES;
				CLANG_WARN_OBJC_LITERAL_CONVERSION = YES;
				CLANG_WARN_OBJC_ROOT_CLASS = YES_ERROR;
				CLANG_WARN_QUOTED_INCLUDE_IN_FRAMEWORK_HEADER = YES;
				CLANG_WARN_RANGE_LOOP_ANALYSIS = YES;
				CLANG_WARN_STRICT_PROTOTYPES = YES;
				CLANG_WARN_SUSPICIOUS_MOVE = YES;
				CLANG_WARN_UNGUARDED_AVAILABILITY = YES_AGGRESSIVE;
				CLANG_WARN_UNREACHABLE_CODE = YES;
				CLANG_WARN__DUPLICATE_METHOD_MATCH = YES;
				COPY_PHASE_STRIP = NO;
				DEBUG_INFORMATION_FORMAT = "dwarf-with-dsym";
				ENABLE_NS_ASSERTIONS = NO;
				ENABLE_STRICT_OBJC_MSGSEND = YES;
				ENABLE_USER_SCRIPT_SANDBOXING = YES;
				GCC_C_LANGUAGE_STANDARD = gnu17;
				GCC_NO_COMMON_BLOCKS = YES;
				GCC_WARN_64_TO_32_BIT_CONVERSION = YES;
				GCC_WARN_ABOUT_RETURN_TYPE = YES_ERROR;
				GCC_WARN_UNDECLARED_SELECTOR = YES;
				GCC_WARN_UNINITIALIZED_AUTOS = YES_AGGRESSIVE;
				GCC_WARN_UNUSED_FUNCTION = YES;
				GCC_WARN_UNUSED_VARIABLE = YES;
				IPHONEOS_DEPLOYMENT_TARGET = 18.0;
				LOCALIZATION_PREFERS_STRING_CATALOGS = YES;
				MTL_ENABLE_DEBUG_INFO = NO;
				MTL_FAST_MATH = YES;
				SDKROOT = iphoneos;
				SWIFT_COMPILATION_MODE = wholemodule;
				VALIDATE_PRODUCT = YES;
			};
			name = Release;
		};
		64B269482E3584AC0033F933 /* Debug */ = {
			isa = XCBuildConfiguration;
			buildSettings = {
				BUNDLE_LOADER = "$(TEST_HOST)";
				CODE_SIGN_STYLE = Automatic;
				CURRENT_PROJECT_VERSION = 1;
				DEVELOPMENT_TEAM = 8W2QVSMGJ3;
				GENERATE_INFOPLIST_FILE = YES;
				IPHONEOS_DEPLOYMENT_TARGET = 18.0;
				MARKETING_VERSION = 1.0;
				PRODUCT_BUNDLE_IDENTIFIER = com.iosroadmap.OpenWeatherMapAppTests;
				PRODUCT_NAME = "$(TARGET_NAME)";
				SWIFT_EMIT_LOC_STRINGS = NO;
				SWIFT_VERSION = 5.0;
				TARGETED_DEVICE_FAMILY = "1,2";
				TEST_HOST = "$(BUILT_PRODUCTS_DIR)/OpenWeatherMapApp.app/$(BUNDLE_EXECUTABLE_FOLDER_PATH)/OpenWeatherMapApp";
			};
			name = Debug;
		};
		64B269492E3584AC0033F933 /* Release */ = {
			isa = XCBuildConfiguration;
			buildSettings = {
				BUNDLE_LOADER = "$(TEST_HOST)";
				CODE_SIGN_STYLE = Automatic;
				CURRENT_PROJECT_VERSION = 1;
				DEVELOPMENT_TEAM = 8W2QVSMGJ3;
				GENERATE_INFOPLIST_FILE = YES;
				IPHONEOS_DEPLOYMENT_TARGET = 18.0;
				MARKETING_VERSION = 1.0;
				PRODUCT_BUNDLE_IDENTIFIER = com.iosroadmap.OpenWeatherMapAppTests;
				PRODUCT_NAME = "$(TARGET_NAME)";
				SWIFT_EMIT_LOC_STRINGS = NO;
				SWIFT_VERSION = 5.0;
				TARGETED_DEVICE_FAMILY = "1,2";
				TEST_HOST = "$(BUILT_PRODUCTS_DIR)/OpenWeatherMapApp.app/$(BUNDLE_EXECUTABLE_FOLDER_PATH)/OpenWeatherMapApp";
			};
			name = Release;
		};
		64B2694B2E3584AC0033F933 /* Debug */ = {
			isa = XCBuildConfiguration;
			buildSettings = {
				CODE_SIGN_STYLE = Automatic;
				CURRENT_PROJECT_VERSION = 1;
				DEVELOPMENT_TEAM = 8W2QVSMGJ3;
				GENERATE_INFOPLIST_FILE = YES;
				MARKETING_VERSION = 1.0;
				PRODUCT_BUNDLE_IDENTIFIER = com.iosroadmap.OpenWeatherMapAppUITests;
				PRODUCT_NAME = "$(TARGET_NAME)";
				SWIFT_EMIT_LOC_STRINGS = NO;
				SWIFT_VERSION = 5.0;
				TARGETED_DEVICE_FAMILY = "1,2";
				TEST_TARGET_NAME = OpenWeatherMapApp;
			};
			name = Debug;
		};
		64B2694C2E3584AC0033F933 /* Release */ = {
			isa = XCBuildConfiguration;
			buildSettings = {
				CODE_SIGN_STYLE = Automatic;
				CURRENT_PROJECT_VERSION = 1;
				DEVELOPMENT_TEAM = 8W2QVSMGJ3;
				GENERATE_INFOPLIST_FILE = YES;
				MARKETING_VERSION = 1.0;
				PRODUCT_BUNDLE_IDENTIFIER = com.iosroadmap.OpenWeatherMapAppUITests;
				PRODUCT_NAME = "$(TARGET_NAME)";
				SWIFT_EMIT_LOC_STRINGS = NO;
				SWIFT_VERSION = 5.0;
				TARGETED_DEVICE_FAMILY = "1,2";
				TEST_TARGET_NAME = OpenWeatherMapApp;
			};
			name = Release;
		};
/* End XCBuildConfiguration section */

/* Begin XCConfigurationList section */
		64B269142E3584AB0033F933 /* Build configuration list for PBXProject "OpenWeatherMapApp" */ = {
			isa = XCConfigurationList;
			buildConfigurations = (
				64B269452E3584AC0033F933 /* Debug */,
				64B269462E3584AC0033F933 /* Release */,
			);
			defaultConfigurationIsVisible = 0;
			defaultConfigurationName = Release;
		};
		64B269422E3584AC0033F933 /* Build configuration list for PBXNativeTarget "OpenWeatherMapApp" */ = {
			isa = XCConfigurationList;
			buildConfigurations = (
				64B269432E3584AC0033F933 /* Debug */,
				64B269442E3584AC0033F933 /* Release */,
			);
			defaultConfigurationIsVisible = 0;
			defaultConfigurationName = Release;
		};
		64B269472E3584AC0033F933 /* Build configuration list for PBXNativeTarget "OpenWeatherMapAppTests" */ = {
			isa = XCConfigurationList;
			buildConfigurations = (
				64B269482E3584AC0033F933 /* Debug */,
				64B269492E3584AC0033F933 /* Release */,
			);
			defaultConfigurationIsVisible = 0;
			defaultConfigurationName = Release;
		};
		64B2694A2E3584AC0033F933 /* Build configuration list for PBXNativeTarget "OpenWeatherMapAppUITests" */ = {
			isa = XCConfigurationList;
			buildConfigurations = (
				64B2694B2E3584AC0033F933 /* Debug */,
				64B2694C2E3584AC0033F933 /* Release */,
			);
			defaultConfigurationIsVisible = 0;
			defaultConfigurationName = Release;
		};
/* End XCConfigurationList section */
	};
	rootObject = 64B269112E3584AB0033F933 /* Project object */;
}
